# THIS IS AN AUTOGENERATED FILE. DO NOT EDIT THIS FILE DIRECTLY.
assets/style.css:
  development: 2018-01-15T10:37:55+01:00   b614c398796bb4744ec9c714e39d9d68
layout/theme.liquid:
  development: 2018-01-15T12:34:02+01:00   5f859e907993aabd323a3a4f155777d5
snippets/part-picker.liquid:
  development: 2018-01-15T09:55:18+01:00   9f9f1c31838a5bc4bcd0aa35741dc14c
snippets/swatch.liquid:
  development: 2017-12-24T00:40:48+01:00   52df211cf67fa3a496eca41b63737d33
templates/product.liquid:
  development: 2017-12-24T00:41:26+01:00   e4576e13a17d55382159a7a446950fcb
